
Microsoft Visual Studio Solution File, Format Version 12.00
# Visual Studio 14
VisualStudioVersion = 14.0.25420.1
MinimumVisualStudioVersion = 10.0.40219.1
Project("{FAE04EC0-301F-11D3-BF4B-00C04F79EFBC}") = "AutomatedTellerMachine", "AutomatedTellerMachine\AutomatedTellerMachine.csproj", "{B65D593A-F905-4408-BF87-5B46C4419273}"
EndProject
Project("{FAE04EC0-301F-11D3-BF4B-00C04F79EFBC}") = "AutomatedTellerMachine.Tests", "AutomatedTellerMachine.Tests\AutomatedTellerMachine.Tests.csproj", "{1A046AEB-696E-4F2C-AB5B-B49CC1FB1670}"
EndProject
Global
	GlobalSection(SolutionConfigurationPlatforms) = preSolution
		Debug|Any CPU = Debug|Any CPU
		Release|Any CPU = Release|Any CPU
	EndGlobalSection
	GlobalSection(ProjectConfigurationPlatforms) = postSolution
		{B65D593A-F905-4408-BF87-5B46C4419273}.Debug|Any CPU.ActiveCfg = Debug|Any CPU
		{B65D593A-F905-4408-BF87-5B46C4419273}.Debug|Any CPU.Build.0 = Debug|Any CPU
		{B65D593A-F905-4408-BF87-5B46C4419273}.Release|Any CPU.ActiveCfg = Release|Any CPU
		{B65D593A-F905-4408-BF87-5B46C4419273}.Release|Any CPU.Build.0 = Release|Any CPU
		{1A046AEB-696E-4F2C-AB5B-B49CC1FB1670}.Debug|Any CPU.ActiveCfg = Debug|Any CPU
		{1A046AEB-696E-4F2C-AB5B-B49CC1FB1670}.Debug|Any CPU.Build.0 = Debug|Any CPU
		{1A046AEB-696E-4F2C-AB5B-B49CC1FB1670}.Release|Any CPU.ActiveCfg = Release|Any CPU
		{1A046AEB-696E-4F2C-AB5B-B49CC1FB1670}.Release|Any CPU.Build.0 = Release|Any CPU
	EndGlobalSection
	GlobalSection(SolutionProperties) = preSolution
		HideSolutionNode = FALSE
	EndGlobalSection
EndGlobal
